
Microsoft Visual Studio Solution File, Format Version 11.00
# Visual Studio 2010
Project("{F088123C-0E9E-452A-89E6-6BA2F21D5CAC}") = "Exercice1", "Exercice1\Exercice1.modelproj", "{850D8400-8B69-406E-A39F-D06CDFEB9C47}"
EndProject
Project("{F088123C-0E9E-452A-89E6-6BA2F21D5CAC}") = "Exercice2", "Exercice2\Exercice2.modelproj", "{15DF85AF-0684-40E7-980D-163A82DD06F2}"
EndProject
Project("{F088123C-0E9E-452A-89E6-6BA2F21D5CAC}") = "Exercice3", "Exercice3\Exercice3.modelproj", "{649F342F-117E-4594-89FC-6901E2BA2F0E}"
EndProject
Global
	GlobalSection(SolutionConfigurationPlatforms) = preSolution
		Debug|Any CPU = Debug|Any CPU
		Release|Any CPU = Release|Any CPU
	EndGlobalSection
	GlobalSection(ProjectConfigurationPlatforms) = postSolution
		{850D8400-8B69-406E-A39F-D06CDFEB9C47}.Debug|Any CPU.ActiveCfg = Debug|Any CPU
		{850D8400-8B69-406E-A39F-D06CDFEB9C47}.Debug|Any CPU.Build.0 = Debug|Any CPU
		{850D8400-8B69-406E-A39F-D06CDFEB9C47}.Release|Any CPU.ActiveCfg = Release|Any CPU
		{850D8400-8B69-406E-A39F-D06CDFEB9C47}.Release|Any CPU.Build.0 = Release|Any CPU
		{15DF85AF-0684-40E7-980D-163A82DD06F2}.Debug|Any CPU.ActiveCfg = Debug|Any CPU
		{15DF85AF-0684-40E7-980D-163A82DD06F2}.Debug|Any CPU.Build.0 = Debug|Any CPU
		{15DF85AF-0684-40E7-980D-163A82DD06F2}.Release|Any CPU.ActiveCfg = Release|Any CPU
		{15DF85AF-0684-40E7-980D-163A82DD06F2}.Release|Any CPU.Build.0 = Release|Any CPU
		{649F342F-117E-4594-89FC-6901E2BA2F0E}.Debug|Any CPU.ActiveCfg = Debug|Any CPU
		{649F342F-117E-4594-89FC-6901E2BA2F0E}.Debug|Any CPU.Build.0 = Debug|Any CPU
		{649F342F-117E-4594-89FC-6901E2BA2F0E}.Release|Any CPU.ActiveCfg = Release|Any CPU
		{649F342F-117E-4594-89FC-6901E2BA2F0E}.Release|Any CPU.Build.0 = Release|Any CPU
	EndGlobalSection
	GlobalSection(SolutionProperties) = preSolution
		HideSolutionNode = FALSE
	EndGlobalSection
EndGlobal
